
Microsoft Visual Studio Solution File, Format Version 12.00
# Visual Studio Version 16
VisualStudioVersion = 16.0.29728.190
MinimumVisualStudioVersion = 10.0.40219.1
Project("{FAE04EC0-301F-11D3-BF4B-00C04F79EFBC}") = "W1.T1.ClinardMykal", "W1.T1.ClinardMykal.csproj", "{2D1E232B-125E-4D34-85C3-BDBFB9C70339}"
EndProject
Global
	GlobalSection(SolutionConfigurationPlatforms) = preSolution
		Debug|Any CPU = Debug|Any CPU
		Release|Any CPU = Release|Any CPU
	EndGlobalSection
	GlobalSection(ProjectConfigurationPlatforms) = postSolution
		{2D1E232B-125E-4D34-85C3-BDBFB9C70339}.Debug|Any CPU.ActiveCfg = Debug|Any CPU
		{2D1E232B-125E-4D34-85C3-BDBFB9C70339}.Debug|Any CPU.Build.0 = Debug|Any CPU
		{2D1E232B-125E-4D34-85C3-BDBFB9C70339}.Release|Any CPU.ActiveCfg = Release|Any CPU
		{2D1E232B-125E-4D34-85C3-BDBFB9C70339}.Release|Any CPU.Build.0 = Release|Any CPU
	EndGlobalSection
	GlobalSection(SolutionProperties) = preSolution
		HideSolutionNode = FALSE
	EndGlobalSection
	GlobalSection(ExtensibilityGlobals) = postSolution
		SolutionGuid = {AAD26632-8F7B-48E3-B2BD-26E23BFEEB57}
	EndGlobalSection
EndGlobal
