
Microsoft Visual Studio Solution File, Format Version 12.00
# Visual Studio Version 16
VisualStudioVersion = 16.0.29728.190
MinimumVisualStudioVersion = 10.0.40219.1
Project("{FAE04EC0-301F-11D3-BF4B-00C04F79EFBC}") = "W1.T2.ClinardMykal", "W1.T2.ClinardMykal.csproj", "{956CDFB3-0519-48BE-AC2C-9EDA1800EBA7}"
EndProject
Global
	GlobalSection(SolutionConfigurationPlatforms) = preSolution
		Debug|Any CPU = Debug|Any CPU
		Release|Any CPU = Release|Any CPU
	EndGlobalSection
	GlobalSection(ProjectConfigurationPlatforms) = postSolution
		{956CDFB3-0519-48BE-AC2C-9EDA1800EBA7}.Debug|Any CPU.ActiveCfg = Debug|Any CPU
		{956CDFB3-0519-48BE-AC2C-9EDA1800EBA7}.Debug|Any CPU.Build.0 = Debug|Any CPU
		{956CDFB3-0519-48BE-AC2C-9EDA1800EBA7}.Release|Any CPU.ActiveCfg = Release|Any CPU
		{956CDFB3-0519-48BE-AC2C-9EDA1800EBA7}.Release|Any CPU.Build.0 = Release|Any CPU
	EndGlobalSection
	GlobalSection(SolutionProperties) = preSolution
		HideSolutionNode = FALSE
	EndGlobalSection
	GlobalSection(ExtensibilityGlobals) = postSolution
		SolutionGuid = {B9AA3D33-ABCE-42F8-BFC7-766F81185160}
	EndGlobalSection
EndGlobal
