
Microsoft Visual Studio Solution File, Format Version 12.00
# Visual Studio Version 16
VisualStudioVersion = 16.0.29728.190
MinimumVisualStudioVersion = 10.0.40219.1
Project("{FAE04EC0-301F-11D3-BF4B-00C04F79EFBC}") = "W2.T3.ClinardMykal", "W2.T3.ClinardMykal.csproj", "{66E35747-8CBF-4DA0-9CBE-49ED311AEE48}"
EndProject
Global
	GlobalSection(SolutionConfigurationPlatforms) = preSolution
		Debug|Any CPU = Debug|Any CPU
		Release|Any CPU = Release|Any CPU
	EndGlobalSection
	GlobalSection(ProjectConfigurationPlatforms) = postSolution
		{66E35747-8CBF-4DA0-9CBE-49ED311AEE48}.Debug|Any CPU.ActiveCfg = Debug|Any CPU
		{66E35747-8CBF-4DA0-9CBE-49ED311AEE48}.Debug|Any CPU.Build.0 = Debug|Any CPU
		{66E35747-8CBF-4DA0-9CBE-49ED311AEE48}.Release|Any CPU.ActiveCfg = Release|Any CPU
		{66E35747-8CBF-4DA0-9CBE-49ED311AEE48}.Release|Any CPU.Build.0 = Release|Any CPU
	EndGlobalSection
	GlobalSection(SolutionProperties) = preSolution
		HideSolutionNode = FALSE
	EndGlobalSection
	GlobalSection(ExtensibilityGlobals) = postSolution
		SolutionGuid = {70B45D30-BFD7-4ADB-9E77-8838226AD228}
	EndGlobalSection
EndGlobal
