
Microsoft Visual Studio Solution File, Format Version 12.00
# Visual Studio Version 16
VisualStudioVersion = 16.0.29728.190
MinimumVisualStudioVersion = 10.0.40219.1
Project("{FAE04EC0-301F-11D3-BF4B-00C04F79EFBC}") = "W1.T3.ClinardMykal", "W1.T3.ClinardMykal.csproj", "{81CEAB17-48E3-4DC8-9E8F-E171BF3D06D1}"
EndProject
Global
	GlobalSection(SolutionConfigurationPlatforms) = preSolution
		Debug|Any CPU = Debug|Any CPU
		Release|Any CPU = Release|Any CPU
	EndGlobalSection
	GlobalSection(ProjectConfigurationPlatforms) = postSolution
		{81CEAB17-48E3-4DC8-9E8F-E171BF3D06D1}.Debug|Any CPU.ActiveCfg = Debug|Any CPU
		{81CEAB17-48E3-4DC8-9E8F-E171BF3D06D1}.Debug|Any CPU.Build.0 = Debug|Any CPU
		{81CEAB17-48E3-4DC8-9E8F-E171BF3D06D1}.Release|Any CPU.ActiveCfg = Release|Any CPU
		{81CEAB17-48E3-4DC8-9E8F-E171BF3D06D1}.Release|Any CPU.Build.0 = Release|Any CPU
	EndGlobalSection
	GlobalSection(SolutionProperties) = preSolution
		HideSolutionNode = FALSE
	EndGlobalSection
	GlobalSection(ExtensibilityGlobals) = postSolution
		SolutionGuid = {C1257D55-0D33-4D6C-A041-C44300D551EA}
	EndGlobalSection
EndGlobal
